
Microsoft Visual Studio Solution File, Format Version 12.00
# Visual Studio Version 16
VisualStudioVersion = 16.0.29519.87
MinimumVisualStudioVersion = 10.0.40219.1
Project("{FAE04EC0-301F-11D3-BF4B-00C04F79EFBC}") = "HostBasedStartUpExample", "HostBasedStartUpExample\HostBasedStartUpExample.csproj", "{26384D5D-9764-483A-8D01-2BF62AA51DAE}"
EndProject
Global
	GlobalSection(SolutionConfigurationPlatforms) = preSolution
		Debug|Any CPU = Debug|Any CPU
		Release|Any CPU = Release|Any CPU
	EndGlobalSection
	GlobalSection(ProjectConfigurationPlatforms) = postSolution
		{26384D5D-9764-483A-8D01-2BF62AA51DAE}.Debug|Any CPU.ActiveCfg = Debug|Any CPU
		{26384D5D-9764-483A-8D01-2BF62AA51DAE}.Debug|Any CPU.Build.0 = Debug|Any CPU
		{26384D5D-9764-483A-8D01-2BF62AA51DAE}.Release|Any CPU.ActiveCfg = Release|Any CPU
		{26384D5D-9764-483A-8D01-2BF62AA51DAE}.Release|Any CPU.Build.0 = Release|Any CPU
	EndGlobalSection
	GlobalSection(SolutionProperties) = preSolution
		HideSolutionNode = FALSE
	EndGlobalSection
	GlobalSection(ExtensibilityGlobals) = postSolution
		SolutionGuid = {5B7E5801-E180-40EE-9A52-BEC501827225}
	EndGlobalSection
EndGlobal
